
Microsoft Visual Studio Solution File, Format Version 12.00
# Visual Studio Version 17
VisualStudioVersion = 17.5.33627.172
MinimumVisualStudioVersion = 10.0.40219.1
Project("{2150E333-8FDC-42A3-9474-1A3956D46DE8}") = "Swtpkg", "Swtpkg", "{8623DB1B-C04D-44FE-BF10-CD704CC69EFD}"
EndProject
Project("{FAE04EC0-301F-11D3-BF4B-00C04F79EFBC}") = "Game.Mode.Stormworks.Tools.Swtpkg.Application", "Game.Mode.Stormworks.Tools.Swtpkg.Application\Game.Mode.Stormworks.Tools.Swtpkg.Application.csproj", "{BDFE70EF-003F-4743-A034-B0868B281C5D}"
EndProject
Project("{FAE04EC0-301F-11D3-BF4B-00C04F79EFBC}") = "Game.Mode.Stormworks.Tools.Swtpkg.ConsoleApp", "Game.Mode.Stormworks.Tools.Swtpkg.ConsoleApp\Game.Mode.Stormworks.Tools.Swtpkg.ConsoleApp.csproj", "{4E3C5B9D-5D76-4CC1-BE1F-146F8002428F}"
EndProject
Global
	GlobalSection(SolutionConfigurationPlatforms) = preSolution
		Debug|Any CPU = Debug|Any CPU
		Release|Any CPU = Release|Any CPU
	EndGlobalSection
	GlobalSection(ProjectConfigurationPlatforms) = postSolution
		{BDFE70EF-003F-4743-A034-B0868B281C5D}.Debug|Any CPU.ActiveCfg = Debug|Any CPU
		{BDFE70EF-003F-4743-A034-B0868B281C5D}.Debug|Any CPU.Build.0 = Debug|Any CPU
		{BDFE70EF-003F-4743-A034-B0868B281C5D}.Release|Any CPU.ActiveCfg = Release|Any CPU
		{BDFE70EF-003F-4743-A034-B0868B281C5D}.Release|Any CPU.Build.0 = Release|Any CPU
		{4E3C5B9D-5D76-4CC1-BE1F-146F8002428F}.Debug|Any CPU.ActiveCfg = Debug|Any CPU
		{4E3C5B9D-5D76-4CC1-BE1F-146F8002428F}.Debug|Any CPU.Build.0 = Debug|Any CPU
		{4E3C5B9D-5D76-4CC1-BE1F-146F8002428F}.Release|Any CPU.ActiveCfg = Release|Any CPU
		{4E3C5B9D-5D76-4CC1-BE1F-146F8002428F}.Release|Any CPU.Build.0 = Release|Any CPU
	EndGlobalSection
	GlobalSection(SolutionProperties) = preSolution
		HideSolutionNode = FALSE
	EndGlobalSection
	GlobalSection(NestedProjects) = preSolution
		{BDFE70EF-003F-4743-A034-B0868B281C5D} = {8623DB1B-C04D-44FE-BF10-CD704CC69EFD}
		{4E3C5B9D-5D76-4CC1-BE1F-146F8002428F} = {8623DB1B-C04D-44FE-BF10-CD704CC69EFD}
	EndGlobalSection
	GlobalSection(ExtensibilityGlobals) = postSolution
		SolutionGuid = {413DB17B-4CAC-46F7-A857-41AFEEBD39FA}
	EndGlobalSection
EndGlobal
